
Microsoft Visual Studio Solution File, Format Version 12.00
# Visual Studio 15
VisualStudioVersion = 15.0.28307.572
MinimumVisualStudioVersion = 10.0.40219.1
Project("{FAE04EC0-301F-11D3-BF4B-00C04F79EFBC}") = "DCVLicenseServer.Web", "DCVLicenseServer\DCVLicenseServer.Web.csproj", "{7BCE7819-5E3A-4F5D-8AA2-BF0CCBBC3AA9}"
EndProject
Project("{FAE04EC0-301F-11D3-BF4B-00C04F79EFBC}") = "DCVLicenseServer.Core", "DCVLicenseServer.Core\DCVLicenseServer.Core.csproj", "{CD6A093C-337D-418A-A08C-D62F9D6EDDA0}"
EndProject
Project("{FAE04EC0-301F-11D3-BF4B-00C04F79EFBC}") = "DCVLicenseServer.Application", "DCVLicenseServer.Application\DCVLicenseServer.Application.csproj", "{F72815AF-2014-4A03-BB27-101D245E0D57}"
EndProject
Project("{FAE04EC0-301F-11D3-BF4B-00C04F79EFBC}") = "DCVLicenseServer.EntityFrameworkCore", "DCVLicenseServer.EntityFrameworkCore\DCVLicenseServer.EntityFrameworkCore.csproj", "{A7086113-3CC8-4257-B037-D3DD1A00BA08}"
EndProject
Project("{FAE04EC0-301F-11D3-BF4B-00C04F79EFBC}") = "DCVLicenseServer.Web.Core", "DCVLicenseServer.Web.Core\DCVLicenseServer.Web.Core.csproj", "{97F1B2BC-348E-4F54-AFF8-E969E4E87150}"
EndProject
Global
	GlobalSection(SolutionConfigurationPlatforms) = preSolution
		Debug|Any CPU = Debug|Any CPU
		Release|Any CPU = Release|Any CPU
	EndGlobalSection
	GlobalSection(ProjectConfigurationPlatforms) = postSolution
		{7BCE7819-5E3A-4F5D-8AA2-BF0CCBBC3AA9}.Debug|Any CPU.ActiveCfg = Debug|Any CPU
		{7BCE7819-5E3A-4F5D-8AA2-BF0CCBBC3AA9}.Debug|Any CPU.Build.0 = Debug|Any CPU
		{7BCE7819-5E3A-4F5D-8AA2-BF0CCBBC3AA9}.Release|Any CPU.ActiveCfg = Release|Any CPU
		{7BCE7819-5E3A-4F5D-8AA2-BF0CCBBC3AA9}.Release|Any CPU.Build.0 = Release|Any CPU
		{CD6A093C-337D-418A-A08C-D62F9D6EDDA0}.Debug|Any CPU.ActiveCfg = Debug|Any CPU
		{CD6A093C-337D-418A-A08C-D62F9D6EDDA0}.Debug|Any CPU.Build.0 = Debug|Any CPU
		{CD6A093C-337D-418A-A08C-D62F9D6EDDA0}.Release|Any CPU.ActiveCfg = Release|Any CPU
		{CD6A093C-337D-418A-A08C-D62F9D6EDDA0}.Release|Any CPU.Build.0 = Release|Any CPU
		{F72815AF-2014-4A03-BB27-101D245E0D57}.Debug|Any CPU.ActiveCfg = Debug|Any CPU
		{F72815AF-2014-4A03-BB27-101D245E0D57}.Debug|Any CPU.Build.0 = Debug|Any CPU
		{F72815AF-2014-4A03-BB27-101D245E0D57}.Release|Any CPU.ActiveCfg = Release|Any CPU
		{F72815AF-2014-4A03-BB27-101D245E0D57}.Release|Any CPU.Build.0 = Release|Any CPU
		{A7086113-3CC8-4257-B037-D3DD1A00BA08}.Debug|Any CPU.ActiveCfg = Debug|Any CPU
		{A7086113-3CC8-4257-B037-D3DD1A00BA08}.Debug|Any CPU.Build.0 = Debug|Any CPU
		{A7086113-3CC8-4257-B037-D3DD1A00BA08}.Release|Any CPU.ActiveCfg = Release|Any CPU
		{A7086113-3CC8-4257-B037-D3DD1A00BA08}.Release|Any CPU.Build.0 = Release|Any CPU
		{97F1B2BC-348E-4F54-AFF8-E969E4E87150}.Debug|Any CPU.ActiveCfg = Debug|Any CPU
		{97F1B2BC-348E-4F54-AFF8-E969E4E87150}.Debug|Any CPU.Build.0 = Debug|Any CPU
		{97F1B2BC-348E-4F54-AFF8-E969E4E87150}.Release|Any CPU.ActiveCfg = Release|Any CPU
		{97F1B2BC-348E-4F54-AFF8-E969E4E87150}.Release|Any CPU.Build.0 = Release|Any CPU
	EndGlobalSection
	GlobalSection(SolutionProperties) = preSolution
		HideSolutionNode = FALSE
	EndGlobalSection
	GlobalSection(ExtensibilityGlobals) = postSolution
		SolutionGuid = {7EEB1EFE-238D-4082-AFED-9EF03CB82C8B}
	EndGlobalSection
EndGlobal
